
Microsoft Visual Studio Solution File, Format Version 12.00
# Visual Studio 15
VisualStudioVersion = 15.0.28307.106
MinimumVisualStudioVersion = 10.0.40219.1
Project("{9A19103F-16F7-4668-BE54-9A1E7A4F7556}") = "ReportingCloudWrapper", "ReportingCloudWrapper.csproj", "{9E5C316C-AF2B-4B4F-8B66-EECC8A1D423F}"
EndProject
Project("{FAE04EC0-301F-11D3-BF4B-00C04F79EFBC}") = "UnitTests", "..\UnitTests\UnitTests\UnitTests.csproj", "{A5DA2E49-25E6-42A9-ABB3-458442E2B3C6}"
EndProject
Project("{9A19103F-16F7-4668-BE54-9A1E7A4F7556}") = "UnitTestsCoreWrapper", "..\UnitTestsCoreWrapper\UnitTestsCoreWrapper.csproj", "{C6D990F9-B22E-452C-9232-682399C71BD1}"
EndProject
Global
	GlobalSection(SolutionConfigurationPlatforms) = preSolution
		Debug|Any CPU = Debug|Any CPU
		Release|Any CPU = Release|Any CPU
	EndGlobalSection
	GlobalSection(ProjectConfigurationPlatforms) = postSolution
		{9E5C316C-AF2B-4B4F-8B66-EECC8A1D423F}.Debug|Any CPU.ActiveCfg = Debug|Any CPU
		{9E5C316C-AF2B-4B4F-8B66-EECC8A1D423F}.Debug|Any CPU.Build.0 = Debug|Any CPU
		{9E5C316C-AF2B-4B4F-8B66-EECC8A1D423F}.Release|Any CPU.ActiveCfg = Release|Any CPU
		{9E5C316C-AF2B-4B4F-8B66-EECC8A1D423F}.Release|Any CPU.Build.0 = Release|Any CPU
		{A5DA2E49-25E6-42A9-ABB3-458442E2B3C6}.Debug|Any CPU.ActiveCfg = Debug|Any CPU
		{A5DA2E49-25E6-42A9-ABB3-458442E2B3C6}.Debug|Any CPU.Build.0 = Debug|Any CPU
		{A5DA2E49-25E6-42A9-ABB3-458442E2B3C6}.Release|Any CPU.ActiveCfg = Release|Any CPU
		{A5DA2E49-25E6-42A9-ABB3-458442E2B3C6}.Release|Any CPU.Build.0 = Release|Any CPU
		{C6D990F9-B22E-452C-9232-682399C71BD1}.Debug|Any CPU.ActiveCfg = Debug|Any CPU
		{C6D990F9-B22E-452C-9232-682399C71BD1}.Debug|Any CPU.Build.0 = Debug|Any CPU
		{C6D990F9-B22E-452C-9232-682399C71BD1}.Release|Any CPU.ActiveCfg = Release|Any CPU
		{C6D990F9-B22E-452C-9232-682399C71BD1}.Release|Any CPU.Build.0 = Release|Any CPU
	EndGlobalSection
	GlobalSection(SolutionProperties) = preSolution
		HideSolutionNode = FALSE
	EndGlobalSection
	GlobalSection(ExtensibilityGlobals) = postSolution
		SolutionGuid = {0E135E4F-9255-46F3-8862-F79A99B95797}
	EndGlobalSection
EndGlobal
